// !$*UTF8*$!
{
	archiveVersion = 1;
	classes = {
	};
	objectVersion = 77;
	objects = {

/* Begin PBXBuildFile section */
		5D35A0F22F7C025200E81D9C /* UnsplashFeed.framework in Frameworks */ = {isa = PBXBuildFile; fileRef = 5D35A0E82F7C025200E81D9C /* UnsplashFeed.framework */; };
		5DE259F92F82F72E009A97F6 /* UnsplashFeed.framework in Frameworks */ = {isa = PBXBuildFile; fileRef = 5D35A0E82F7C025200E81D9C /* UnsplashFeed.framework */; };
/* End PBXBuildFile section */

/* Begin PBXContainerItemProxy section */
		5D35A0F32F7C025200E81D9C /* PBXContainerItemProxy */ = {
			isa = PBXContainerItemProxy;
			containerPortal = 5D35A0DF2F7C025200E81D9C /* Project object */;
			proxyType = 1;
			remoteGlobalIDString = 5D35A0E72F7C025200E81D9C;
			remoteInfo = UnsplashFeed;
		};
		5DE259FA2F82F72E009A97F6 /* PBXContainerItemProxy */ = {
			isa = PBXContainerItemProxy;
			containerPortal = 5D35A0DF2F7C025200E81D9C /* Project object */;
			proxyType = 1;
			remoteGlobalIDString = 5D35A0E72F7C025200E81D9C;
			remoteInfo = UnsplashFeed;
		};
/* End PBXContainerItemProxy section */

/* Begin PBXCopyFilesBuildPhase section */
		5DE25A1A2F82F888009A97F6 /* Embed Frameworks */ = {
			isa = PBXCopyFilesBuildPhase;
			buildActionMask = 2147483647;
			dstPath = "";
			dstSubfolderSpec = 10;
			files = (
			);
			name = "Embed Frameworks";
			runOnlyForDeploymentPostprocessing = 0;
		};
		5DE25A1F2F82F88C009A97F6 /* Embed Frameworks */ = {
			isa = PBXCopyFilesBuildPhase;
			buildActionMask = 2147483647;
			dstPath = "";
			dstSubfolderSpec = 10;
			files = (
			);
			name = "Embed Frameworks";
			runOnlyForDeploymentPostprocessing = 0;
		};
/* End PBXCopyFilesBuildPhase section */

/* Begin PBXFileReference section */
		5D35A0E82F7C025200E81D9C /* UnsplashFeed.framework */ = {isa = PBXFileReference; explicitFileType = wrapper.framework; includeInIndex = 0; path = UnsplashFeed.framework; sourceTree = BUILT_PRODUCTS_DIR; };
		5D35A0F12F7C025200E81D9C /* UnsplashFeedTests.xctest */ = {isa = PBXFileReference; explicitFileType = wrapper.cfbundle; includeInIndex = 0; path = UnsplashFeedTests.xctest; sourceTree = BUILT_PRODUCTS_DIR; };
		5DE259F02F82F6BE009A97F6 /* UnsplashFeed.xctestplan */ = {isa = PBXFileReference; lastKnownFileType = text; path = UnsplashFeed.xctestplan; sourceTree = "<group>"; };
		5DE259F52F82F72E009A97F6 /* UnsplashFeedEnd2EndTests.xctest */ = {isa = PBXFileReference; explicitFileType = wrapper.cfbundle; includeInIndex = 0; path = UnsplashFeedEnd2EndTests.xctest; sourceTree = BUILT_PRODUCTS_DIR; };
		5DE259FF2F82F773009A97F6 /* UnsplashFeedEnd2EndTests.xctestplan */ = {isa = PBXFileReference; lastKnownFileType = text; path = UnsplashFeedEnd2EndTests.xctestplan; sourceTree = "<group>"; };
		5DE25A002F82F7E6009A97F6 /* UnsplashFeed_CI.xctestplan */ = {isa = PBXFileReference; lastKnownFileType = text; path = UnsplashFeed_CI.xctestplan; sourceTree = "<group>"; };
/* End PBXFileReference section */

/* Begin PBXFileSystemSynchronizedBuildFileExceptionSet section */
		5DE25A262F82F91B009A97F6 /* Exceptions for "UnsplashFeedTests" folder in "UnsplashFeedEnd2EndTests" target */ = {
			isa = PBXFileSystemSynchronizedBuildFileExceptionSet;
			membershipExceptions = (
				Helpers/MemoryLeaksTracker.swift,
				Helpers/SharedHelpers.swift,
			);
			target = 5DE259F42F82F72E009A97F6 /* UnsplashFeedEnd2EndTests */;
		};
/* End PBXFileSystemSynchronizedBuildFileExceptionSet section */

/* Begin PBXFileSystemSynchronizedRootGroup section */
		5D35A0EA2F7C025200E81D9C /* UnsplashFeed */ = {
			isa = PBXFileSystemSynchronizedRootGroup;
			path = UnsplashFeed;
			sourceTree = "<group>";
		};
		5D35A0F52F7C025200E81D9C /* UnsplashFeedTests */ = {
			isa = PBXFileSystemSynchronizedRootGroup;
			exceptions = (
				5DE25A262F82F91B009A97F6 /* Exceptions for "UnsplashFeedTests" folder in "UnsplashFeedEnd2EndTests" target */,
			);
			path = UnsplashFeedTests;
			sourceTree = "<group>";
		};
		5DE259F62F82F72E009A97F6 /* UnsplashFeedEnd2EndTests */ = {
			isa = PBXFileSystemSynchronizedRootGroup;
			path = UnsplashFeedEnd2EndTests;
			sourceTree = "<group>";
		};
/* End PBXFileSystemSynchronizedRootGroup section */

/* Begin PBXFrameworksBuildPhase section */
		5D35A0E52F7C025200E81D9C /* Frameworks */ = {
			isa = PBXFrameworksBuildPhase;
			buildActionMask = 2147483647;
			files = (
			);
			runOnlyForDeploymentPostprocessing = 0;
		};
		5D35A0EE2F7C025200E81D9C /* Frameworks */ = {
			isa = PBXFrameworksBuildPhase;
			buildActionMask = 2147483647;
			files = (
				5D35A0F22F7C025200E81D9C /* UnsplashFeed.framework in Frameworks */,
			);
			runOnlyForDeploymentPostprocessing = 0;
		};
		5DE259F22F82F72E009A97F6 /* Frameworks */ = {
			isa = PBXFrameworksBuildPhase;
			buildActionMask = 2147483647;
			files = (
				5DE259F92F82F72E009A97F6 /* UnsplashFeed.framework in Frameworks */,
			);
			runOnlyForDeploymentPostprocessing = 0;
		};
/* End PBXFrameworksBuildPhase section */

/* Begin PBXGroup section */
		5D35A0DE2F7C025200E81D9C = {
			isa = PBXGroup;
			children = (
				5DE25A002F82F7E6009A97F6 /* UnsplashFeed_CI.xctestplan */,
				5DE259FF2F82F773009A97F6 /* UnsplashFeedEnd2EndTests.xctestplan */,
				5DE259F02F82F6BE009A97F6 /* UnsplashFeed.xctestplan */,
				5D35A0EA2F7C025200E81D9C /* UnsplashFeed */,
				5D35A0F52F7C025200E81D9C /* UnsplashFeedTests */,
				5DE259F62F82F72E009A97F6 /* UnsplashFeedEnd2EndTests */,
				5D35A0E92F7C025200E81D9C /* Products */,
			);
			sourceTree = "<group>";
		};
		5D35A0E92F7C025200E81D9C /* Products */ = {
			isa = PBXGroup;
			children = (
				5D35A0E82F7C025200E81D9C /* UnsplashFeed.framework */,
				5D35A0F12F7C025200E81D9C /* UnsplashFeedTests.xctest */,
				5DE259F52F82F72E009A97F6 /* UnsplashFeedEnd2EndTests.xctest */,
			);
			name = Products;
			sourceTree = "<group>";
		};
/* End PBXGroup section */

/* Begin PBXHeadersBuildPhase section */
		5D35A0E32F7C025200E81D9C /* Headers */ = {
			isa = PBXHeadersBuildPhase;
			buildActionMask = 2147483647;
			files = (
			);
			runOnlyForDeploymentPostprocessing = 0;
		};
/* End PBXHeadersBuildPhase section */

/* Begin PBXNativeTarget section */
		5D35A0E72F7C025200E81D9C /* UnsplashFeed */ = {
			isa = PBXNativeTarget;
			buildConfigurationList = 5D35A0FA2F7C025200E81D9C /* Build configuration list for PBXNativeTarget "UnsplashFeed" */;
			buildPhases = (
				5D35A0E32F7C025200E81D9C /* Headers */,
				5D35A0E42F7C025200E81D9C /* Sources */,
				5D35A0E52F7C025200E81D9C /* Frameworks */,
				5D35A0E62F7C025200E81D9C /* Resources */,
			);
			buildRules = (
			);
			dependencies = (
			);
			fileSystemSynchronizedGroups = (
				5D35A0EA2F7C025200E81D9C /* UnsplashFeed */,
			);
			name = UnsplashFeed;
			packageProductDependencies = (
			);
			productName = UnsplashFeed;
			productReference = 5D35A0E82F7C025200E81D9C /* UnsplashFeed.framework */;
			productType = "com.apple.product-type.framework";
		};
		5D35A0F02F7C025200E81D9C /* UnsplashFeedTests */ = {
			isa = PBXNativeTarget;
			buildConfigurationList = 5D35A0FD2F7C025200E81D9C /* Build configuration list for PBXNativeTarget "UnsplashFeedTests" */;
			buildPhases = (
				5D35A0ED2F7C025200E81D9C /* Sources */,
				5D35A0EE2F7C025200E81D9C /* Frameworks */,
				5D35A0EF2F7C025200E81D9C /* Resources */,
				5DE25A1A2F82F888009A97F6 /* Embed Frameworks */,
			);
			buildRules = (
			);
			dependencies = (
				5D35A0F42F7C025200E81D9C /* PBXTargetDependency */,
			);
			fileSystemSynchronizedGroups = (
				5D35A0F52F7C025200E81D9C /* UnsplashFeedTests */,
			);
			name = UnsplashFeedTests;
			packageProductDependencies = (
			);
			productName = UnsplashFeedTests;
			productReference = 5D35A0F12F7C025200E81D9C /* UnsplashFeedTests.xctest */;
			productType = "com.apple.product-type.bundle.unit-test";
		};
		5DE259F42F82F72E009A97F6 /* UnsplashFeedEnd2EndTests */ = {
			isa = PBXNativeTarget;
			buildConfigurationList = 5DE259FC2F82F72E009A97F6 /* Build configuration list for PBXNativeTarget "UnsplashFeedEnd2EndTests" */;
			buildPhases = (
				5DE259F12F82F72E009A97F6 /* Sources */,
				5DE259F22F82F72E009A97F6 /* Frameworks */,
				5DE259F32F82F72E009A97F6 /* Resources */,
				5DE25A1F2F82F88C009A97F6 /* Embed Frameworks */,
			);
			buildRules = (
			);
			dependencies = (
				5DE259FB2F82F72E009A97F6 /* PBXTargetDependency */,
			);
			fileSystemSynchronizedGroups = (
				5DE259F62F82F72E009A97F6 /* UnsplashFeedEnd2EndTests */,
			);
			name = UnsplashFeedEnd2EndTests;
			packageProductDependencies = (
			);
			productName = UnsplashFeedEnd2EndTests;
			productReference = 5DE259F52F82F72E009A97F6 /* UnsplashFeedEnd2EndTests.xctest */;
			productType = "com.apple.product-type.bundle.unit-test";
		};
/* End PBXNativeTarget section */

/* Begin PBXProject section */
		5D35A0DF2F7C025200E81D9C /* Project object */ = {
			isa = PBXProject;
			attributes = {
				BuildIndependentTargetsInParallel = 1;
				LastSwiftUpdateCheck = 2630;
				LastUpgradeCheck = 2630;
				TargetAttributes = {
					5D35A0E72F7C025200E81D9C = {
						CreatedOnToolsVersion = 26.3;
						LastSwiftMigration = 2630;
					};
					5D35A0F02F7C025200E81D9C = {
						CreatedOnToolsVersion = 26.3;
						LastSwiftMigration = 2630;
					};
					5DE259F42F82F72E009A97F6 = {
						CreatedOnToolsVersion = 26.3;
					};
				};
			};
			buildConfigurationList = 5D35A0E22F7C025200E81D9C /* Build configuration list for PBXProject "UnsplashFeed" */;
			developmentRegion = en;
			hasScannedForEncodings = 0;
			knownRegions = (
				en,
				Base,
			);
			mainGroup = 5D35A0DE2F7C025200E81D9C;
			minimizedProjectReferenceProxies = 1;
			preferredProjectObjectVersion = 77;
			productRefGroup = 5D35A0E92F7C025200E81D9C /* Products */;
			projectDirPath = "";
			projectRoot = "";
			targets = (
				5D35A0E72F7C025200E81D9C /* UnsplashFeed */,
				5D35A0F02F7C025200E81D9C /* UnsplashFeedTests */,
				5DE259F42F82F72E009A97F6 /* UnsplashFeedEnd2EndTests */,
			);
		};
/* End PBXProject section */

/* Begin PBXResourcesBuildPhase section */
		5D35A0E62F7C025200E81D9C /* Resources */ = {
			isa = PBXResourcesBuildPhase;
			buildActionMask = 2147483647;
			files = (
			);
			runOnlyForDeploymentPostprocessing = 0;
		};
		5D35A0EF2F7C025200E81D9C /* Resources */ = {
			isa = PBXResourcesBuildPhase;
			buildActionMask = 2147483647;
			files = (
			);
			runOnlyForDeploymentPostprocessing = 0;
		};
		5DE259F32F82F72E009A97F6 /* Resources */ = {
			isa = PBXResourcesBuildPhase;
			buildActionMask = 2147483647;
			files = (
			);
			runOnlyForDeploymentPostprocessing = 0;
		};
/* End PBXResourcesBuildPhase section */

/* Begin PBXSourcesBuildPhase section */
		5D35A0E42F7C025200E81D9C /* Sources */ = {
			isa = PBXSourcesBuildPhase;
			buildActionMask = 2147483647;
			files = (
			);
			runOnlyForDeploymentPostprocessing = 0;
		};
		5D35A0ED2F7C025200E81D9C /* Sources */ = {
			isa = PBXSourcesBuildPhase;
			buildActionMask = 2147483647;
			files = (
			);
			runOnlyForDeploymentPostprocessing = 0;
		};
		5DE259F12F82F72E009A97F6 /* Sources */ = {
			isa = PBXSourcesBuildPhase;
			buildActionMask = 2147483647;
			files = (
			);
			runOnlyForDeploymentPostprocessing = 0;
		};
/* End PBXSourcesBuildPhase section */

/* Begin PBXTargetDependency section */
		5D35A0F42F7C025200E81D9C /* PBXTargetDependency */ = {
			isa = PBXTargetDependency;
			target = 5D35A0E72F7C025200E81D9C /* UnsplashFeed */;
			targetProxy = 5D35A0F32F7C025200E81D9C /* PBXContainerItemProxy */;
		};
		5DE259FB2F82F72E009A97F6 /* PBXTargetDependency */ = {
			isa = PBXTargetDependency;
			target = 5D35A0E72F7C025200E81D9C /* UnsplashFeed */;
			targetProxy = 5DE259FA2F82F72E009A97F6 /* PBXContainerItemProxy */;
		};
/* End PBXTargetDependency section */

/* Begin XCBuildConfiguration section */
		5D35A0F82F7C025200E81D9C /* Debug */ = {
			isa = XCBuildConfiguration;
			buildSettings = {
				ALWAYS_SEARCH_USER_PATHS = NO;
				ASSETCATALOG_COMPILER_GENERATE_SWIFT_ASSET_SYMBOL_EXTENSIONS = YES;
				CLANG_ANALYZER_NONNULL = YES;
				CLANG_ANALYZER_NUMBER_OBJECT_CONVERSION = YES_AGGRESSIVE;
				CLANG_CXX_LANGUAGE_STANDARD = "gnu++20";
				CLANG_ENABLE_MODULES = YES;
				CLANG_ENABLE_OBJC_ARC = YES;
				CLANG_ENABLE_OBJC_WEAK = YES;
				CLANG_WARN_BLOCK_CAPTURE_AUTORELEASING = YES;
				CLANG_WARN_BOOL_CONVERSION = YES;
				CLANG_WARN_COMMA = YES;
				CLANG_WARN_CONSTANT_CONVERSION = YES;
				CLANG_WARN_DEPRECATED_OBJC_IMPLEMENTATIONS = YES;
				CLANG_WARN_DIRECT_OBJC_ISA_USAGE = YES_ERROR;
				CLANG_WARN_DOCUMENTATION_COMMENTS = YES;
				CLANG_WARN_EMPTY_BODY = YES;
				CLANG_WARN_ENUM_CONVERSION = YES;
				CLANG_WARN_INFINITE_RECURSION = YES;
				CLANG_WARN_INT_CONVERSION = YES;
				CLANG_WARN_NON_LITERAL_NULL_CONVERSION = YES;
				CLANG_WARN_OBJC_IMPLICIT_RETAIN_SELF = YES;
				CLANG_WARN_OBJC_LITERAL_CONVERSION = YES;
				CLANG_WARN_OBJC_ROOT_CLASS = YES_ERROR;
				CLANG_WARN_QUOTED_INCLUDE_IN_FRAMEWORK_HEADER = YES;
				CLANG_WARN_RANGE_LOOP_ANALYSIS = YES;
				CLANG_WARN_STRICT_PROTOTYPES = YES;
				CLANG_WARN_SUSPICIOUS_MOVE = YES;
				CLANG_WARN_UNGUARDED_AVAILABILITY = YES_AGGRESSIVE;
				CLANG_WARN_UNREACHABLE_CODE = YES;
				CLANG_WARN__DUPLICATE_METHOD_MATCH = YES;
				COPY_PHASE_STRIP = NO;
				CURRENT_PROJECT_VERSION = 1;
				DEBUG_INFORMATION_FORMAT = dwarf;
				DEVELOPMENT_TEAM = 7FCTC6DRE7;
				ENABLE_STRICT_OBJC_MSGSEND = YES;
				ENABLE_TESTABILITY = YES;
				ENABLE_USER_SCRIPT_SANDBOXING = YES;
				GCC_C_LANGUAGE_STANDARD = gnu17;
				GCC_DYNAMIC_NO_PIC = NO;
				GCC_NO_COMMON_BLOCKS = YES;
				GCC_OPTIMIZATION_LEVEL = 0;
				GCC_PREPROCESSOR_DEFINITIONS = (
					"DEBUG=1",
					"$(inherited)",
				);
				GCC_WARN_64_TO_32_BIT_CONVERSION = YES;
				GCC_WARN_ABOUT_RETURN_TYPE = YES_ERROR;
				GCC_WARN_UNDECLARED_SELECTOR = YES;
				GCC_WARN_UNINITIALIZED_AUTOS = YES_AGGRESSIVE;
				GCC_WARN_UNUSED_FUNCTION = YES;
				GCC_WARN_UNUSED_VARIABLE = YES;
				LOCALIZATION_PREFERS_STRING_CATALOGS = YES;
				MACOSX_DEPLOYMENT_TARGET = 26.2;
				MTL_ENABLE_DEBUG_INFO = INCLUDE_SOURCE;
				MTL_FAST_MATH = YES;
				ONLY_ACTIVE_ARCH = YES;
				SDKROOT = macosx;
				SWIFT_ACTIVE_COMPILATION_CONDITIONS = "DEBUG $(inherited)";
				SWIFT_OPTIMIZATION_LEVEL = "-Onone";
				VERSIONING_SYSTEM = "apple-generic";
				VERSION_INFO_PREFIX = "";
			};
			name = Debug;
		};
		5D35A0F92F7C025200E81D9C /* Release */ = {
			isa = XCBuildConfiguration;
			buildSettings = {
				ALWAYS_SEARCH_USER_PATHS = NO;
				ASSETCATALOG_COMPILER_GENERATE_SWIFT_ASSET_SYMBOL_EXTENSIONS = YES;
				CLANG_ANALYZER_NONNULL = YES;
				CLANG_ANALYZER_NUMBER_OBJECT_CONVERSION = YES_AGGRESSIVE;
				CLANG_CXX_LANGUAGE_STANDARD = "gnu++20";
				CLANG_ENABLE_MODULES = YES;
				CLANG_ENABLE_OBJC_ARC = YES;
				CLANG_ENABLE_OBJC_WEAK = YES;
				CLANG_WARN_BLOCK_CAPTURE_AUTORELEASING = YES;
				CLANG_WARN_BOOL_CONVERSION = YES;
				CLANG_WARN_COMMA = YES;
				CLANG_WARN_CONSTANT_CONVERSION = YES;
				CLANG_WARN_DEPRECATED_OBJC_IMPLEMENTATIONS = YES;
				CLANG_WARN_DIRECT_OBJC_ISA_USAGE = YES_ERROR;
				CLANG_WARN_DOCUMENTATION_COMMENTS = YES;
				CLANG_WARN_EMPTY_BODY = YES;
				CLANG_WARN_ENUM_CONVERSION = YES;
				CLANG_WARN_INFINITE_RECURSION = YES;
				CLANG_WARN_INT_CONVERSION = YES;
				CLANG_WARN_NON_LITERAL_NULL_CONVERSION = YES;
				CLANG_WARN_OBJC_IMPLICIT_RETAIN_SELF = YES;
				CLANG_WARN_OBJC_LITERAL_CONVERSION = YES;
				CLANG_WARN_OBJC_ROOT_CLASS = YES_ERROR;
				CLANG_WARN_QUOTED_INCLUDE_IN_FRAMEWORK_HEADER = YES;
				CLANG_WARN_RANGE_LOOP_ANALYSIS = YES;
				CLANG_WARN_STRICT_PROTOTYPES = YES;
				CLANG_WARN_SUSPICIOUS_MOVE = YES;
				CLANG_WARN_UNGUARDED_AVAILABILITY = YES_AGGRESSIVE;
				CLANG_WARN_UNREACHABLE_CODE = YES;
				CLANG_WARN__DUPLICATE_METHOD_MATCH = YES;
				COPY_PHASE_STRIP = NO;
				CURRENT_PROJECT_VERSION = 1;
				DEBUG_INFORMATION_FORMAT = "dwarf-with-dsym";
				DEVELOPMENT_TEAM = 7FCTC6DRE7;
				ENABLE_NS_ASSERTIONS = NO;
				ENABLE_STRICT_OBJC_MSGSEND = YES;
				ENABLE_USER_SCRIPT_SANDBOXING = YES;
				GCC_C_LANGUAGE_STANDARD = gnu17;
				GCC_NO_COMMON_BLOCKS = YES;
				GCC_WARN_64_TO_32_BIT_CONVERSION = YES;
				GCC_WARN_ABOUT_RETURN_TYPE = YES_ERROR;
				GCC_WARN_UNDECLARED_SELECTOR = YES;
				GCC_WARN_UNINITIALIZED_AUTOS = YES_AGGRESSIVE;
				GCC_WARN_UNUSED_FUNCTION = YES;
				GCC_WARN_UNUSED_VARIABLE = YES;
				LOCALIZATION_PREFERS_STRING_CATALOGS = YES;
				MACOSX_DEPLOYMENT_TARGET = 26.2;
				MTL_ENABLE_DEBUG_INFO = NO;
				MTL_FAST_MATH = YES;
				SDKROOT = macosx;
				SWIFT_COMPILATION_MODE = wholemodule;
				VERSIONING_SYSTEM = "apple-generic";
				VERSION_INFO_PREFIX = "";
			};
			name = Release;
		};
		5D35A0FB2F7C025200E81D9C /* Debug */ = {
			isa = XCBuildConfiguration;
			buildSettings = {
				BUILD_LIBRARY_FOR_DISTRIBUTION = YES;
				CLANG_ENABLE_MODULES = YES;
				CODE_SIGN_STYLE = Automatic;
				COMBINE_HIDPI_IMAGES = YES;
				CURRENT_PROJECT_VERSION = 1;
				DEFINES_MODULE = YES;
				DEVELOPMENT_TEAM = 7FCTC6DRE7;
				DYLIB_COMPATIBILITY_VERSION = 1;
				DYLIB_CURRENT_VERSION = 1;
				DYLIB_INSTALL_NAME_BASE = "@rpath";
				ENABLE_MODULE_VERIFIER = YES;
				GENERATE_INFOPLIST_FILE = YES;
				INFOPLIST_KEY_NSHumanReadableCopyright = "";
				INSTALL_PATH = "$(LOCAL_LIBRARY_DIR)/Frameworks";
				IPHONEOS_DEPLOYMENT_TARGET = 15.0;
				LD_RUNPATH_SEARCH_PATHS = (
					"$(inherited)",
					"@executable_path/../Frameworks",
					"@loader_path/Frameworks",
				);
				MACOSX_DEPLOYMENT_TARGET = 11.0;
				MARKETING_VERSION = 1.0;
				MODULE_VERIFIER_SUPPORTED_LANGUAGES = "objective-c objective-c++";
				MODULE_VERIFIER_SUPPORTED_LANGUAGE_STANDARDS = "gnu17 gnu++20";
				PRODUCT_BUNDLE_IDENTIFIER = com.azizbekasadov.UnsplashFeed;
				PRODUCT_NAME = "$(TARGET_NAME:c99extidentifier)";
				SKIP_INSTALL = YES;
				STRING_CATALOG_GENERATE_SYMBOLS = YES;
				SUPPORTED_PLATFORMS = "appletvos appletvsimulator iphoneos iphonesimulator macosx watchos watchsimulator xros xrsimulator";
				SUPPORTS_MACCATALYST = NO;
				SWIFT_APPROACHABLE_CONCURRENCY = YES;
				SWIFT_EMIT_LOC_STRINGS = YES;
				SWIFT_INSTALL_MODULE = YES;
				SWIFT_INSTALL_OBJC_HEADER = NO;
				SWIFT_OPTIMIZATION_LEVEL = "-Onone";
				SWIFT_UPCOMING_FEATURE_MEMBER_IMPORT_VISIBILITY = YES;
				SWIFT_VERSION = 5.0;
				TARGETED_DEVICE_FAMILY = "1,2,3,4,7";
				TVOS_DEPLOYMENT_TARGET = 15.0;
				WATCHOS_DEPLOYMENT_TARGET = 8.0;
				XROS_DEPLOYMENT_TARGET = 1.0;
			};
			name = Debug;
		};
		5D35A0FC2F7C025200E81D9C /* Release */ = {
			isa = XCBuildConfiguration;
			buildSettings = {
				BUILD_LIBRARY_FOR_DISTRIBUTION = YES;
				CLANG_ENABLE_MODULES = YES;
				CODE_SIGN_STYLE = Automatic;
				COMBINE_HIDPI_IMAGES = YES;
				CURRENT_PROJECT_VERSION = 1;
				DEFINES_MODULE = YES;
				DEVELOPMENT_TEAM = 7FCTC6DRE7;
				DYLIB_COMPATIBILITY_VERSION = 1;
				DYLIB_CURRENT_VERSION = 1;
				DYLIB_INSTALL_NAME_BASE = "@rpath";
				ENABLE_MODULE_VERIFIER = YES;
				GENERATE_INFOPLIST_FILE = YES;
				INFOPLIST_KEY_NSHumanReadableCopyright = "";
				INSTALL_PATH = "$(LOCAL_LIBRARY_DIR)/Frameworks";
				IPHONEOS_DEPLOYMENT_TARGET = 15.0;
				LD_RUNPATH_SEARCH_PATHS = (
					"$(inherited)",
					"@executable_path/../Frameworks",
					"@loader_path/Frameworks",
				);
				MACOSX_DEPLOYMENT_TARGET = 11.0;
				MARKETING_VERSION = 1.0;
				MODULE_VERIFIER_SUPPORTED_LANGUAGES = "objective-c objective-c++";
				MODULE_VERIFIER_SUPPORTED_LANGUAGE_STANDARDS = "gnu17 gnu++20";
				PRODUCT_BUNDLE_IDENTIFIER = com.azizbekasadov.UnsplashFeed;
				PRODUCT_NAME = "$(TARGET_NAME:c99extidentifier)";
				SKIP_INSTALL = YES;
				STRING_CATALOG_GENERATE_SYMBOLS = YES;
				SUPPORTED_PLATFORMS = "appletvos appletvsimulator iphoneos iphonesimulator macosx watchos watchsimulator xros xrsimulator";
				SUPPORTS_MACCATALYST = NO;
				SWIFT_APPROACHABLE_CONCURRENCY = YES;
				SWIFT_EMIT_LOC_STRINGS = YES;
				SWIFT_INSTALL_MODULE = YES;
				SWIFT_INSTALL_OBJC_HEADER = NO;
				SWIFT_UPCOMING_FEATURE_MEMBER_IMPORT_VISIBILITY = YES;
				SWIFT_VERSION = 5.0;
				TARGETED_DEVICE_FAMILY = "1,2,3,4,7";
				TVOS_DEPLOYMENT_TARGET = 15.0;
				WATCHOS_DEPLOYMENT_TARGET = 8.0;
				XROS_DEPLOYMENT_TARGET = 1.0;
			};
			name = Release;
		};
		5D35A0FE2F7C025200E81D9C /* Debug */ = {
			isa = XCBuildConfiguration;
			buildSettings = {
				CLANG_ENABLE_MODULES = YES;
				CODE_SIGN_STYLE = Automatic;
				CURRENT_PROJECT_VERSION = 1;
				DEVELOPMENT_TEAM = 7FCTC6DRE7;
				GENERATE_INFOPLIST_FILE = YES;
				MACOSX_DEPLOYMENT_TARGET = 11.0;
				MARKETING_VERSION = 1.0;
				PRODUCT_BUNDLE_IDENTIFIER = com.azizbekasadov.UnsplashFeedTests;
				PRODUCT_NAME = "$(TARGET_NAME)";
				STRING_CATALOG_GENERATE_SYMBOLS = NO;
				SWIFT_APPROACHABLE_CONCURRENCY = YES;
				SWIFT_EMIT_LOC_STRINGS = NO;
				SWIFT_OPTIMIZATION_LEVEL = "-Onone";
				SWIFT_UPCOMING_FEATURE_MEMBER_IMPORT_VISIBILITY = YES;
				SWIFT_VERSION = 5.0;
			};
			name = Debug;
		};
		5D35A0FF2F7C025200E81D9C /* Release */ = {
			isa = XCBuildConfiguration;
			buildSettings = {
				CLANG_ENABLE_MODULES = YES;
				CODE_SIGN_STYLE = Automatic;
				CURRENT_PROJECT_VERSION = 1;
				DEVELOPMENT_TEAM = 7FCTC6DRE7;
				GENERATE_INFOPLIST_FILE = YES;
				MACOSX_DEPLOYMENT_TARGET = 11.0;
				MARKETING_VERSION = 1.0;
				PRODUCT_BUNDLE_IDENTIFIER = com.azizbekasadov.UnsplashFeedTests;
				PRODUCT_NAME = "$(TARGET_NAME)";
				STRING_CATALOG_GENERATE_SYMBOLS = NO;
				SWIFT_APPROACHABLE_CONCURRENCY = YES;
				SWIFT_EMIT_LOC_STRINGS = NO;
				SWIFT_UPCOMING_FEATURE_MEMBER_IMPORT_VISIBILITY = YES;
				SWIFT_VERSION = 5.0;
			};
			name = Release;
		};
		5DE259FD2F82F72E009A97F6 /* Debug */ = {
			isa = XCBuildConfiguration;
			buildSettings = {
				CODE_SIGN_STYLE = Automatic;
				CURRENT_PROJECT_VERSION = 1;
				DEVELOPMENT_TEAM = 7FCTC6DRE7;
				GENERATE_INFOPLIST_FILE = YES;
				IPHONEOS_DEPLOYMENT_TARGET = 15.0;
				MACOSX_DEPLOYMENT_TARGET = 11.0;
				MARKETING_VERSION = 1.0;
				PRODUCT_BUNDLE_IDENTIFIER = com.azizbekasadov.UnsplashFeedEnd2EndTests;
				PRODUCT_NAME = "$(TARGET_NAME)";
				STRING_CATALOG_GENERATE_SYMBOLS = NO;
				SUPPORTED_PLATFORMS = "appletvos appletvsimulator iphoneos iphonesimulator macosx watchos watchsimulator xros xrsimulator";
				SUPPORTS_MACCATALYST = NO;
				SWIFT_APPROACHABLE_CONCURRENCY = YES;
				SWIFT_EMIT_LOC_STRINGS = NO;
				SWIFT_UPCOMING_FEATURE_MEMBER_IMPORT_VISIBILITY = YES;
				SWIFT_VERSION = 5.0;
				TARGETED_DEVICE_FAMILY = "1,2,3,4,7";
				TVOS_DEPLOYMENT_TARGET = 15.0;
				WATCHOS_DEPLOYMENT_TARGET = 8.0;
				XROS_DEPLOYMENT_TARGET = 1.0;
			};
			name = Debug;
		};
		5DE259FE2F82F72E009A97F6 /* Release */ = {
			isa = XCBuildConfiguration;
			buildSettings = {
				CODE_SIGN_STYLE = Automatic;
				CURRENT_PROJECT_VERSION = 1;
				DEVELOPMENT_TEAM = 7FCTC6DRE7;
				GENERATE_INFOPLIST_FILE = YES;
				IPHONEOS_DEPLOYMENT_TARGET = 15.0;
				MACOSX_DEPLOYMENT_TARGET = 11.0;
				MARKETING_VERSION = 1.0;
				PRODUCT_BUNDLE_IDENTIFIER = com.azizbekasadov.UnsplashFeedEnd2EndTests;
				PRODUCT_NAME = "$(TARGET_NAME)";
				STRING_CATALOG_GENERATE_SYMBOLS = NO;
				SUPPORTED_PLATFORMS = "appletvos appletvsimulator iphoneos iphonesimulator macosx watchos watchsimulator xros xrsimulator";
				SUPPORTS_MACCATALYST = NO;
				SWIFT_APPROACHABLE_CONCURRENCY = YES;
				SWIFT_EMIT_LOC_STRINGS = NO;
				SWIFT_UPCOMING_FEATURE_MEMBER_IMPORT_VISIBILITY = YES;
				SWIFT_VERSION = 5.0;
				TARGETED_DEVICE_FAMILY = "1,2,3,4,7";
				TVOS_DEPLOYMENT_TARGET = 15.0;
				WATCHOS_DEPLOYMENT_TARGET = 8.0;
				XROS_DEPLOYMENT_TARGET = 1.0;
			};
			name = Release;
		};
/* End XCBuildConfiguration section */

/* Begin XCConfigurationList section */
		5D35A0E22F7C025200E81D9C /* Build configuration list for PBXProject "UnsplashFeed" */ = {
			isa = XCConfigurationList;
			buildConfigurations = (
				5D35A0F82F7C025200E81D9C /* Debug */,
				5D35A0F92F7C025200E81D9C /* Release */,
			);
			defaultConfigurationIsVisible = 0;
			defaultConfigurationName = Release;
		};
		5D35A0FA2F7C025200E81D9C /* Build configuration list for PBXNativeTarget "UnsplashFeed" */ = {
			isa = XCConfigurationList;
			buildConfigurations = (
				5D35A0FB2F7C025200E81D9C /* Debug */,
				5D35A0FC2F7C025200E81D9C /* Release */,
			);
			defaultConfigurationIsVisible = 0;
			defaultConfigurationName = Release;
		};
		5D35A0FD2F7C025200E81D9C /* Build configuration list for PBXNativeTarget "UnsplashFeedTests" */ = {
			isa = XCConfigurationList;
			buildConfigurations = (
				5D35A0FE2F7C025200E81D9C /* Debug */,
				5D35A0FF2F7C025200E81D9C /* Release */,
			);
			defaultConfigurationIsVisible = 0;
			defaultConfigurationName = Release;
		};
		5DE259FC2F82F72E009A97F6 /* Build configuration list for PBXNativeTarget "UnsplashFeedEnd2EndTests" */ = {
			isa = XCConfigurationList;
			buildConfigurations = (
				5DE259FD2F82F72E009A97F6 /* Debug */,
				5DE259FE2F82F72E009A97F6 /* Release */,
			);
			defaultConfigurationIsVisible = 0;
			defaultConfigurationName = Release;
		};
/* End XCConfigurationList section */
	};
	rootObject = 5D35A0DF2F7C025200E81D9C /* Project object */;
}
